
Microsoft Visual Studio Solution File, Format Version 12.00
# Visual Studio Version 17
VisualStudioVersion = 17.11.35303.130
MinimumVisualStudioVersion = 10.0.40219.1
Project("{9A19103F-16F7-4668-BE54-9A1E7A4F7556}") = "Pets.API", "Pets.API\Pets.API.csproj", "{0BEE0A12-196E-48EC-A4A4-E118DDA3AAA9}"
EndProject
Project("{9A19103F-16F7-4668-BE54-9A1E7A4F7556}") = "Pets.Application", "Pets.Application\Pets.Application.csproj", "{BB045BE0-C9FE-458A-954C-1C8A40892D16}"
EndProject
Project("{9A19103F-16F7-4668-BE54-9A1E7A4F7556}") = "Pets.Contracts", "Pets.Contracts\Pets.Contracts.csproj", "{54071F18-B6E9-4B58-AA4A-8CFA59FBB7DB}"
EndProject
Project("{9A19103F-16F7-4668-BE54-9A1E7A4F7556}") = "Pets.Persistence", "Pets.Persistence\Pets.Persistence.csproj", "{E23A657E-17AC-4D5F-8ADE-B9E24CBF5DA4}"
EndProject
Project("{FAE04EC0-301F-11D3-BF4B-00C04F79EFBC}") = "Pets.UnitTests", "Pets.UnitTests\Pets.UnitTests.csproj", "{15A0D35D-7A5F-4F2A-A355-16F1BAEE4FE0}"
EndProject
Project("{FAE04EC0-301F-11D3-BF4B-00C04F79EFBC}") = "Pets.IntegrationTests", "Pets.IntegrationTests\Pets.IntegrationTests.csproj", "{14BC4DB0-9EBF-407A-9CF6-185AF6E01B80}"
EndProject
Global
	GlobalSection(SolutionConfigurationPlatforms) = preSolution
		Debug|Any CPU = Debug|Any CPU
		Release|Any CPU = Release|Any CPU
	EndGlobalSection
	GlobalSection(ProjectConfigurationPlatforms) = postSolution
		{0BEE0A12-196E-48EC-A4A4-E118DDA3AAA9}.Debug|Any CPU.ActiveCfg = Debug|Any CPU
		{0BEE0A12-196E-48EC-A4A4-E118DDA3AAA9}.Debug|Any CPU.Build.0 = Debug|Any CPU
		{0BEE0A12-196E-48EC-A4A4-E118DDA3AAA9}.Release|Any CPU.ActiveCfg = Release|Any CPU
		{0BEE0A12-196E-48EC-A4A4-E118DDA3AAA9}.Release|Any CPU.Build.0 = Release|Any CPU
		{BB045BE0-C9FE-458A-954C-1C8A40892D16}.Debug|Any CPU.ActiveCfg = Debug|Any CPU
		{BB045BE0-C9FE-458A-954C-1C8A40892D16}.Debug|Any CPU.Build.0 = Debug|Any CPU
		{BB045BE0-C9FE-458A-954C-1C8A40892D16}.Release|Any CPU.ActiveCfg = Release|Any CPU
		{BB045BE0-C9FE-458A-954C-1C8A40892D16}.Release|Any CPU.Build.0 = Release|Any CPU
		{54071F18-B6E9-4B58-AA4A-8CFA59FBB7DB}.Debug|Any CPU.ActiveCfg = Debug|Any CPU
		{54071F18-B6E9-4B58-AA4A-8CFA59FBB7DB}.Debug|Any CPU.Build.0 = Debug|Any CPU
		{54071F18-B6E9-4B58-AA4A-8CFA59FBB7DB}.Release|Any CPU.ActiveCfg = Release|Any CPU
		{54071F18-B6E9-4B58-AA4A-8CFA59FBB7DB}.Release|Any CPU.Build.0 = Release|Any CPU
		{E23A657E-17AC-4D5F-8ADE-B9E24CBF5DA4}.Debug|Any CPU.ActiveCfg = Debug|Any CPU
		{E23A657E-17AC-4D5F-8ADE-B9E24CBF5DA4}.Debug|Any CPU.Build.0 = Debug|Any CPU
		{E23A657E-17AC-4D5F-8ADE-B9E24CBF5DA4}.Release|Any CPU.ActiveCfg = Release|Any CPU
		{E23A657E-17AC-4D5F-8ADE-B9E24CBF5DA4}.Release|Any CPU.Build.0 = Release|Any CPU
		{15A0D35D-7A5F-4F2A-A355-16F1BAEE4FE0}.Debug|Any CPU.ActiveCfg = Debug|Any CPU
		{15A0D35D-7A5F-4F2A-A355-16F1BAEE4FE0}.Debug|Any CPU.Build.0 = Debug|Any CPU
		{15A0D35D-7A5F-4F2A-A355-16F1BAEE4FE0}.Release|Any CPU.ActiveCfg = Release|Any CPU
		{15A0D35D-7A5F-4F2A-A355-16F1BAEE4FE0}.Release|Any CPU.Build.0 = Release|Any CPU
		{14BC4DB0-9EBF-407A-9CF6-185AF6E01B80}.Debug|Any CPU.ActiveCfg = Debug|Any CPU
		{14BC4DB0-9EBF-407A-9CF6-185AF6E01B80}.Debug|Any CPU.Build.0 = Debug|Any CPU
		{14BC4DB0-9EBF-407A-9CF6-185AF6E01B80}.Release|Any CPU.ActiveCfg = Release|Any CPU
		{14BC4DB0-9EBF-407A-9CF6-185AF6E01B80}.Release|Any CPU.Build.0 = Release|Any CPU
	EndGlobalSection
	GlobalSection(SolutionProperties) = preSolution
		HideSolutionNode = FALSE
	EndGlobalSection
	GlobalSection(ExtensibilityGlobals) = postSolution
		SolutionGuid = {C14FE08D-D03E-48C9-ADE5-0AAA409CFBE9}
	EndGlobalSection
EndGlobal
